
Microsoft Visual Studio Solution File, Format Version 12.00
# Visual Studio Version 16
VisualStudioVersion = 16.0.30611.23
MinimumVisualStudioVersion = 10.0.40219.1
Project("{FAE04EC0-301F-11D3-BF4B-00C04F79EFBC}") = "LibraryApp", "LibraryApp\LibraryApp.csproj", "{2D8E60D3-26B2-4458-AA4F-19DC78CCF0E6}"
EndProject
Global
	GlobalSection(SolutionConfigurationPlatforms) = preSolution
		Debug|Any CPU = Debug|Any CPU
		Release|Any CPU = Release|Any CPU
	EndGlobalSection
	GlobalSection(ProjectConfigurationPlatforms) = postSolution
		{2D8E60D3-26B2-4458-AA4F-19DC78CCF0E6}.Debug|Any CPU.ActiveCfg = Debug|Any CPU
		{2D8E60D3-26B2-4458-AA4F-19DC78CCF0E6}.Debug|Any CPU.Build.0 = Debug|Any CPU
		{2D8E60D3-26B2-4458-AA4F-19DC78CCF0E6}.Release|Any CPU.ActiveCfg = Release|Any CPU
		{2D8E60D3-26B2-4458-AA4F-19DC78CCF0E6}.Release|Any CPU.Build.0 = Release|Any CPU
	EndGlobalSection
	GlobalSection(SolutionProperties) = preSolution
		HideSolutionNode = FALSE
	EndGlobalSection
	GlobalSection(ExtensibilityGlobals) = postSolution
		SolutionGuid = {74C2405F-D58F-4351-BBCA-AA9B8706B485}
	EndGlobalSection
EndGlobal
